
Microsoft Visual Studio Solution File, Format Version 12.00
# Visual Studio 15
VisualStudioVersion = 15.0.27004.2005
MinimumVisualStudioVersion = 10.0.40219.1
Project("{FAE04EC0-301F-11D3-BF4B-00C04F79EFBC}") = "Base", "MES\Base.csproj", "{5A3514EF-4845-464D-94A2-2E3AB02F02FF}"
EndProject
Project("{2150E333-8FDC-42A3-9474-1A3956D46DE8}") = "Base", "Base", "{6A1F5DAB-85C6-41EA-8386-1F5FD8DBB6F9}"
EndProject
Project("{2150E333-8FDC-42A3-9474-1A3956D46DE8}") = "NewFolder1", "NewFolder1", "{D4F6A881-BD8E-4CA8-94AE-0DE981156372}"
EndProject
Global
	GlobalSection(SolutionConfigurationPlatforms) = preSolution
		Debug|Any CPU = Debug|Any CPU
		Release|Any CPU = Release|Any CPU
	EndGlobalSection
	GlobalSection(ProjectConfigurationPlatforms) = postSolution
		{5A3514EF-4845-464D-94A2-2E3AB02F02FF}.Debug|Any CPU.ActiveCfg = Debug|Any CPU
		{5A3514EF-4845-464D-94A2-2E3AB02F02FF}.Debug|Any CPU.Build.0 = Debug|Any CPU
		{5A3514EF-4845-464D-94A2-2E3AB02F02FF}.Release|Any CPU.ActiveCfg = Release|Any CPU
		{5A3514EF-4845-464D-94A2-2E3AB02F02FF}.Release|Any CPU.Build.0 = Release|Any CPU
	EndGlobalSection
	GlobalSection(SolutionProperties) = preSolution
		HideSolutionNode = FALSE
	EndGlobalSection
	GlobalSection(NestedProjects) = preSolution
		{5A3514EF-4845-464D-94A2-2E3AB02F02FF} = {6A1F5DAB-85C6-41EA-8386-1F5FD8DBB6F9}
	EndGlobalSection
	GlobalSection(ExtensibilityGlobals) = postSolution
		SolutionGuid = {414AAB97-CF8E-427F-ADC3-58ECC96A2729}
	EndGlobalSection
EndGlobal
